
Microsoft Visual Studio Solution File, Format Version 12.00
# Visual Studio Version 17
VisualStudioVersion = 17.14.36121.58 d17.14
MinimumVisualStudioVersion = 10.0.40219.1
Project("{FAE04EC0-301F-11D3-BF4B-00C04F79EFBC}") = "JOrtizLab1", "JOrtizLab1.csproj", "{6426EA9C-B851-45A6-BA08-E812562EB45B}"
EndProject
Global
	GlobalSection(SolutionConfigurationPlatforms) = preSolution
		Debug|Any CPU = Debug|Any CPU
		Release|Any CPU = Release|Any CPU
	EndGlobalSection
	GlobalSection(ProjectConfigurationPlatforms) = postSolution
		{6426EA9C-B851-45A6-BA08-E812562EB45B}.Debug|Any CPU.ActiveCfg = Debug|Any CPU
		{6426EA9C-B851-45A6-BA08-E812562EB45B}.Debug|Any CPU.Build.0 = Debug|Any CPU
		{6426EA9C-B851-45A6-BA08-E812562EB45B}.Release|Any CPU.ActiveCfg = Release|Any CPU
		{6426EA9C-B851-45A6-BA08-E812562EB45B}.Release|Any CPU.Build.0 = Release|Any CPU
	EndGlobalSection
	GlobalSection(SolutionProperties) = preSolution
		HideSolutionNode = FALSE
	EndGlobalSection
	GlobalSection(ExtensibilityGlobals) = postSolution
		SolutionGuid = {D6C020CC-118C-454B-AC8B-1A2CB93E8B3E}
	EndGlobalSection
EndGlobal
