
Microsoft Visual Studio Solution File, Format Version 12.00
# Visual Studio Version 17
VisualStudioVersion = 17.14.36616.10 d17.14
MinimumVisualStudioVersion = 10.0.40219.1
Project("{FAE04EC0-301F-11D3-BF4B-00C04F79EFBC}") = "JOrtizLab8", "JOrtizLab8.csproj", "{9E2979A6-7023-40A8-9438-804D8C886F79}"
EndProject
Global
	GlobalSection(SolutionConfigurationPlatforms) = preSolution
		Debug|Any CPU = Debug|Any CPU
		Release|Any CPU = Release|Any CPU
	EndGlobalSection
	GlobalSection(ProjectConfigurationPlatforms) = postSolution
		{9E2979A6-7023-40A8-9438-804D8C886F79}.Debug|Any CPU.ActiveCfg = Debug|Any CPU
		{9E2979A6-7023-40A8-9438-804D8C886F79}.Debug|Any CPU.Build.0 = Debug|Any CPU
		{9E2979A6-7023-40A8-9438-804D8C886F79}.Release|Any CPU.ActiveCfg = Release|Any CPU
		{9E2979A6-7023-40A8-9438-804D8C886F79}.Release|Any CPU.Build.0 = Release|Any CPU
	EndGlobalSection
	GlobalSection(SolutionProperties) = preSolution
		HideSolutionNode = FALSE
	EndGlobalSection
	GlobalSection(ExtensibilityGlobals) = postSolution
		SolutionGuid = {67367F59-F028-455C-80C3-91DB8F183642}
	EndGlobalSection
EndGlobal
